// !$*UTF8*$!
{
	archiveVersion = 1;
	classes = {
	};
	objectVersion = 50;
	objects = {

/* Begin PBXBuildFile section */
		A42F834521927A3F0020C38E /* AppDelegate.swift in Sources */ = {isa = PBXBuildFile; fileRef = A42F834421927A3F0020C38E /* AppDelegate.swift */; };
		A42F834721927A3F0020C38E /* ViewController.swift in Sources */ = {isa = PBXBuildFile; fileRef = A42F834621927A3F0020C38E /* ViewController.swift */; };
		A42F834A21927A3F0020C38E /* Main.storyboard in Resources */ = {isa = PBXBuildFile; fileRef = A42F834821927A3F0020C38E /* Main.storyboard */; };
		A42F834C21927A4B0020C38E /* Assets.xcassets in Resources */ = {isa = PBXBuildFile; fileRef = A42F834B21927A4B0020C38E /* Assets.xcassets */; };
		A42F834F21927A4B0020C38E /* LaunchScreen.storyboard in Resources */ = {isa = PBXBuildFile; fileRef = A42F834D21927A4B0020C38E /* LaunchScreen.storyboard */; };
		A42F835D21927A660020C38E /* AppDelegate.swift in Sources */ = {isa = PBXBuildFile; fileRef = A42F835C21927A660020C38E /* AppDelegate.swift */; };
		A42F835F21927A660020C38E /* ViewController.swift in Sources */ = {isa = PBXBuildFile; fileRef = A42F835E21927A660020C38E /* ViewController.swift */; };
		A42F836221927A660020C38E /* Main.storyboard in Resources */ = {isa = PBXBuildFile; fileRef = A42F836021927A660020C38E /* Main.storyboard */; };
		A42F836421927A6B0020C38E /* Assets.xcassets in Resources */ = {isa = PBXBuildFile; fileRef = A42F836321927A6B0020C38E /* Assets.xcassets */; };
		A42F836721927A6B0020C38E /* LaunchScreen.storyboard in Resources */ = {isa = PBXBuildFile; fileRef = A42F836521927A6B0020C38E /* LaunchScreen.storyboard */; };
		A42F83732192B3CC0020C38E /* AppDelegate.swift in Sources */ = {isa = PBXBuildFile; fileRef = A42F83722192B3CC0020C38E /* AppDelegate.swift */; };
		A42F83752192B3CC0020C38E /* ViewController.swift in Sources */ = {isa = PBXBuildFile; fileRef = A42F83742192B3CC0020C38E /* ViewController.swift */; };
		A42F83782192B3CC0020C38E /* Main.storyboard in Resources */ = {isa = PBXBuildFile; fileRef = A42F83762192B3CC0020C38E /* Main.storyboard */; };
		A42F837A2192B3D30020C38E /* Assets.xcassets in Resources */ = {isa = PBXBuildFile; fileRef = A42F83792192B3D30020C38E /* Assets.xcassets */; };
		A42F837D2192B3D30020C38E /* LaunchScreen.storyboard in Resources */ = {isa = PBXBuildFile; fileRef = A42F837B2192B3D30020C38E /* LaunchScreen.storyboard */; };
/* End PBXBuildFile section */

/* Begin PBXFileReference section */
		A42F834121927A3F0020C38E /* ViewController1107.app */ = {isa = PBXFileReference; explicitFileType = wrapper.application; includeInIndex = 0; path = ViewController1107.app; sourceTree = BUILT_PRODUCTS_DIR; };
		A42F834421927A3F0020C38E /* AppDelegate.swift */ = {isa = PBXFileReference; lastKnownFileType = sourcecode.swift; path = AppDelegate.swift; sourceTree = "<group>"; };
		A42F834621927A3F0020C38E /* ViewController.swift */ = {isa = PBXFileReference; lastKnownFileType = sourcecode.swift; path = ViewController.swift; sourceTree = "<group>"; };
		A42F834921927A3F0020C38E /* Base */ = {isa = PBXFileReference; lastKnownFileType = file.storyboard; name = Base; path = Base.lproj/Main.storyboard; sourceTree = "<group>"; };
		A42F834B21927A4B0020C38E /* Assets.xcassets */ = {isa = PBXFileReference; lastKnownFileType = folder.assetcatalog; path = Assets.xcassets; sourceTree = "<group>"; };
		A42F834E21927A4B0020C38E /* Base */ = {isa = PBXFileReference; lastKnownFileType = file.storyboard; name = Base; path = Base.lproj/LaunchScreen.storyboard; sourceTree = "<group>"; };
		A42F835021927A4B0020C38E /* Info.plist */ = {isa = PBXFileReference; lastKnownFileType = text.plist.xml; path = Info.plist; sourceTree = "<group>"; };
		A42F835A21927A660020C38E /* Pinch.app */ = {isa = PBXFileReference; explicitFileType = wrapper.application; includeInIndex = 0; path = Pinch.app; sourceTree = BUILT_PRODUCTS_DIR; };
		A42F835C21927A660020C38E /* AppDelegate.swift */ = {isa = PBXFileReference; lastKnownFileType = sourcecode.swift; path = AppDelegate.swift; sourceTree = "<group>"; };
		A42F835E21927A660020C38E /* ViewController.swift */ = {isa = PBXFileReference; lastKnownFileType = sourcecode.swift; path = ViewController.swift; sourceTree = "<group>"; };
		A42F836121927A660020C38E /* Base */ = {isa = PBXFileReference; lastKnownFileType = file.storyboard; name = Base; path = Base.lproj/Main.storyboard; sourceTree = "<group>"; };
		A42F836321927A6B0020C38E /* Assets.xcassets */ = {isa = PBXFileReference; lastKnownFileType = folder.assetcatalog; path = Assets.xcassets; sourceTree = "<group>"; };
		A42F836621927A6B0020C38E /* Base */ = {isa = PBXFileReference; lastKnownFileType = file.storyboard; name = Base; path = Base.lproj/LaunchScreen.storyboard; sourceTree = "<group>"; };
		A42F836821927A6B0020C38E /* Info.plist */ = {isa = PBXFileReference; lastKnownFileType = text.plist.xml; path = Info.plist; sourceTree = "<group>"; };
		A42F83702192B3CC0020C38E /* LoginDialog.app */ = {isa = PBXFileReference; explicitFileType = wrapper.application; includeInIndex = 0; path = LoginDialog.app; sourceTree = BUILT_PRODUCTS_DIR; };
		A42F83722192B3CC0020C38E /* AppDelegate.swift */ = {isa = PBXFileReference; lastKnownFileType = sourcecode.swift; path = AppDelegate.swift; sourceTree = "<group>"; };
		A42F83742192B3CC0020C38E /* ViewController.swift */ = {isa = PBXFileReference; lastKnownFileType = sourcecode.swift; path = ViewController.swift; sourceTree = "<group>"; };
		A42F83772192B3CC0020C38E /* Base */ = {isa = PBXFileReference; lastKnownFileType = file.storyboard; name = Base; path = Base.lproj/Main.storyboard; sourceTree = "<group>"; };
		A42F83792192B3D30020C38E /* Assets.xcassets */ = {isa = PBXFileReference; lastKnownFileType = folder.assetcatalog; path = Assets.xcassets; sourceTree = "<group>"; };
		A42F837C2192B3D30020C38E /* Base */ = {isa = PBXFileReference; lastKnownFileType = file.storyboard; name = Base; path = Base.lproj/LaunchScreen.storyboard; sourceTree = "<group>"; };
		A42F837E2192B3D30020C38E /* Info.plist */ = {isa = PBXFileReference; lastKnownFileType = text.plist.xml; path = Info.plist; sourceTree = "<group>"; };
/* End PBXFileReference section */

/* Begin PBXFrameworksBuildPhase section */
		A42F833E21927A3E0020C38E /* Frameworks */ = {
			isa = PBXFrameworksBuildPhase;
			buildActionMask = 2147483647;
			files = (
			);
			runOnlyForDeploymentPostprocessing = 0;
		};
		A42F835721927A660020C38E /* Frameworks */ = {
			isa = PBXFrameworksBuildPhase;
			buildActionMask = 2147483647;
			files = (
			);
			runOnlyForDeploymentPostprocessing = 0;
		};
		A42F836D2192B3CC0020C38E /* Frameworks */ = {
			isa = PBXFrameworksBuildPhase;
			buildActionMask = 2147483647;
			files = (
			);
			runOnlyForDeploymentPostprocessing = 0;
		};
/* End PBXFrameworksBuildPhase section */

/* Begin PBXGroup section */
		A42F833821927A3E0020C38E = {
			isa = PBXGroup;
			children = (
				A42F834321927A3F0020C38E /* ViewController1107 */,
				A42F835B21927A660020C38E /* Pinch */,
				A42F83712192B3CC0020C38E /* LoginDialog */,
				A42F834221927A3F0020C38E /* Products */,
			);
			sourceTree = "<group>";
		};
		A42F834221927A3F0020C38E /* Products */ = {
			isa = PBXGroup;
			children = (
				A42F834121927A3F0020C38E /* ViewController1107.app */,
				A42F835A21927A660020C38E /* Pinch.app */,
				A42F83702192B3CC0020C38E /* LoginDialog.app */,
			);
			name = Products;
			sourceTree = "<group>";
		};
		A42F834321927A3F0020C38E /* ViewController1107 */ = {
			isa = PBXGroup;
			children = (
				A42F834421927A3F0020C38E /* AppDelegate.swift */,
				A42F834621927A3F0020C38E /* ViewController.swift */,
				A42F834821927A3F0020C38E /* Main.storyboard */,
				A42F834B21927A4B0020C38E /* Assets.xcassets */,
				A42F834D21927A4B0020C38E /* LaunchScreen.storyboard */,
				A42F835021927A4B0020C38E /* Info.plist */,
			);
			path = ViewController1107;
			sourceTree = "<group>";
		};
		A42F835B21927A660020C38E /* Pinch */ = {
			isa = PBXGroup;
			children = (
				A42F835C21927A660020C38E /* AppDelegate.swift */,
				A42F835E21927A660020C38E /* ViewController.swift */,
				A42F836021927A660020C38E /* Main.storyboard */,
				A42F836321927A6B0020C38E /* Assets.xcassets */,
				A42F836521927A6B0020C38E /* LaunchScreen.storyboard */,
				A42F836821927A6B0020C38E /* Info.plist */,
			);
			path = Pinch;
			sourceTree = "<group>";
		};
		A42F83712192B3CC0020C38E /* LoginDialog */ = {
			isa = PBXGroup;
			children = (
				A42F83722192B3CC0020C38E /* AppDelegate.swift */,
				A42F83742192B3CC0020C38E /* ViewController.swift */,
				A42F83762192B3CC0020C38E /* Main.storyboard */,
				A42F83792192B3D30020C38E /* Assets.xcassets */,
				A42F837B2192B3D30020C38E /* LaunchScreen.storyboard */,
				A42F837E2192B3D30020C38E /* Info.plist */,
			);
			path = LoginDialog;
			sourceTree = "<group>";
		};
/* End PBXGroup section */

/* Begin PBXNativeTarget section */
		A42F834021927A3E0020C38E /* ViewController1107 */ = {
			isa = PBXNativeTarget;
			buildConfigurationList = A42F835321927A4B0020C38E /* Build configuration list for PBXNativeTarget "ViewController1107" */;
			buildPhases = (
				A42F833D21927A3E0020C38E /* Sources */,
				A42F833E21927A3E0020C38E /* Frameworks */,
				A42F833F21927A3E0020C38E /* Resources */,
			);
			buildRules = (
			);
			dependencies = (
			);
			name = ViewController1107;
			productName = ViewController1107;
			productReference = A42F834121927A3F0020C38E /* ViewController1107.app */;
			productType = "com.apple.product-type.application";
		};
		A42F835921927A660020C38E /* Pinch */ = {
			isa = PBXNativeTarget;
			buildConfigurationList = A42F836921927A6B0020C38E /* Build configuration list for PBXNativeTarget "Pinch" */;
			buildPhases = (
				A42F835621927A660020C38E /* Sources */,
				A42F835721927A660020C38E /* Frameworks */,
				A42F835821927A660020C38E /* Resources */,
			);
			buildRules = (
			);
			dependencies = (
			);
			name = Pinch;
			productName = Pinch;
			productReference = A42F835A21927A660020C38E /* Pinch.app */;
			productType = "com.apple.product-type.application";
		};
		A42F836F2192B3CC0020C38E /* LoginDialog */ = {
			isa = PBXNativeTarget;
			buildConfigurationList = A42F837F2192B3D30020C38E /* Build configuration list for PBXNativeTarget "LoginDialog" */;
			buildPhases = (
				A42F836C2192B3CC0020C38E /* Sources */,
				A42F836D2192B3CC0020C38E /* Frameworks */,
				A42F836E2192B3CC0020C38E /* Resources */,
			);
			buildRules = (
			);
			dependencies = (
			);
			name = LoginDialog;
			productName = LoginDialog;
			productReference = A42F83702192B3CC0020C38E /* LoginDialog.app */;
			productType = "com.apple.product-type.application";
		};
/* End PBXNativeTarget section */

/* Begin PBXProject section */
		A42F833921927A3E0020C38E /* Project object */ = {
			isa = PBXProject;
			attributes = {
				LastSwiftUpdateCheck = 0940;
				LastUpgradeCheck = 0940;
				ORGANIZATIONNAME = the;
				TargetAttributes = {
					A42F834021927A3E0020C38E = {
						CreatedOnToolsVersion = 9.4;
					};
					A42F835921927A660020C38E = {
						CreatedOnToolsVersion = 9.4;
					};
					A42F836F2192B3CC0020C38E = {
						CreatedOnToolsVersion = 9.4;
					};
				};
			};
			buildConfigurationList = A42F833C21927A3E0020C38E /* Build configuration list for PBXProject "ViewController1107" */;
			compatibilityVersion = "Xcode 9.3";
			developmentRegion = en;
			hasScannedForEncodings = 0;
			knownRegions = (
				en,
				Base,
			);
			mainGroup = A42F833821927A3E0020C38E;
			productRefGroup = A42F834221927A3F0020C38E /* Products */;
			projectDirPath = "";
			projectRoot = "";
			targets = (
				A42F834021927A3E0020C38E /* ViewController1107 */,
				A42F835921927A660020C38E /* Pinch */,
				A42F836F2192B3CC0020C38E /* LoginDialog */,
			);
		};
/* End PBXProject section */

/* Begin PBXResourcesBuildPhase section */
		A42F833F21927A3E0020C38E /* Resources */ = {
			isa = PBXResourcesBuildPhase;
			buildActionMask = 2147483647;
			files = (
				A42F834F21927A4B0020C38E /* LaunchScreen.storyboard in Resources */,
				A42F834C21927A4B0020C38E /* Assets.xcassets in Resources */,
				A42F834A21927A3F0020C38E /* Main.storyboard in Resources */,
			);
			runOnlyForDeploymentPostprocessing = 0;
		};
		A42F835821927A660020C38E /* Resources */ = {
			isa = PBXResourcesBuildPhase;
			buildActionMask = 2147483647;
			files = (
				A42F836721927A6B0020C38E /* LaunchScreen.storyboard in Resources */,
				A42F836421927A6B0020C38E /* Assets.xcassets in Resources */,
				A42F836221927A660020C38E /* Main.storyboard in Resources */,
			);
			runOnlyForDeploymentPostprocessing = 0;
		};
		A42F836E2192B3CC0020C38E /* Resources */ = {
			isa = PBXResourcesBuildPhase;
			buildActionMask = 2147483647;
			files = (
				A42F837D2192B3D30020C38E /* LaunchScreen.storyboard in Resources */,
				A42F837A2192B3D30020C38E /* Assets.xcassets in Resources */,
				A42F83782192B3CC0020C38E /* Main.storyboard in Resources */,
			);
			runOnlyForDeploymentPostprocessing = 0;
		};
/* End PBXResourcesBuildPhase section */

/* Begin PBXSourcesBuildPhase section */
		A42F833D21927A3E0020C38E /* Sources */ = {
			isa = PBXSourcesBuildPhase;
			buildActionMask = 2147483647;
			files = (
				A42F834721927A3F0020C38E /* ViewController.swift in Sources */,
				A42F834521927A3F0020C38E /* AppDelegate.swift in Sources */,
			);
			runOnlyForDeploymentPostprocessing = 0;
		};
		A42F835621927A660020C38E /* Sources */ = {
			isa = PBXSourcesBuildPhase;
			buildActionMask = 2147483647;
			files = (
				A42F835F21927A660020C38E /* ViewController.swift in Sources */,
				A42F835D21927A660020C38E /* AppDelegate.swift in Sources */,
			);
			runOnlyForDeploymentPostprocessing = 0;
		};
		A42F836C2192B3CC0020C38E /* Sources */ = {
			isa = PBXSourcesBuildPhase;
			buildActionMask = 2147483647;
			files = (
				A42F83752192B3CC0020C38E /* ViewController.swift in Sources */,
				A42F83732192B3CC0020C38E /* AppDelegate.swift in Sources */,
			);
			runOnlyForDeploymentPostprocessing = 0;
		};
/* End PBXSourcesBuildPhase section */

/* Begin PBXVariantGroup section */
		A42F834821927A3F0020C38E /* Main.storyboard */ = {
			isa = PBXVariantGroup;
			children = (
				A42F834921927A3F0020C38E /* Base */,
			);
			name = Main.storyboard;
			sourceTree = "<group>";
		};
		A42F834D21927A4B0020C38E /* LaunchScreen.storyboard */ = {
			isa = PBXVariantGroup;
			children = (
				A42F834E21927A4B0020C38E /* Base */,
			);
			name = LaunchScreen.storyboard;
			sourceTree = "<group>";
		};
		A42F836021927A660020C38E /* Main.storyboard */ = {
			isa = PBXVariantGroup;
			children = (
				A42F836121927A660020C38E /* Base */,
			);
			name = Main.storyboard;
			sourceTree = "<group>";
		};
		A42F836521927A6B0020C38E /* LaunchScreen.storyboard */ = {
			isa = PBXVariantGroup;
			children = (
				A42F836621927A6B0020C38E /* Base */,
			);
			name = LaunchScreen.storyboard;
			sourceTree = "<group>";
		};
		A42F83762192B3CC0020C38E /* Main.storyboard */ = {
			isa = PBXVariantGroup;
			children = (
				A42F83772192B3CC0020C38E /* Base */,
			);
			name = Main.storyboard;
			sourceTree = "<group>";
		};
		A42F837B2192B3D30020C38E /* LaunchScreen.storyboard */ = {
			isa = PBXVariantGroup;
			children = (
				A42F837C2192B3D30020C38E /* Base */,
			);
			name = LaunchScreen.storyboard;
			sourceTree = "<group>";
		};
/* End PBXVariantGroup section */

/* Begin XCBuildConfiguration section */
		A42F835121927A4B0020C38E /* Debug */ = {
			isa = XCBuildConfiguration;
			buildSettings = {
				ALWAYS_SEARCH_USER_PATHS = NO;
				CLANG_ANALYZER_NONNULL = YES;
				CLANG_ANALYZER_NUMBER_OBJECT_CONVERSION = YES_AGGRESSIVE;
				CLANG_CXX_LANGUAGE_STANDARD = "gnu++14";
				CLANG_CXX_LIBRARY = "libc++";
				CLANG_ENABLE_MODULES = YES;
				CLANG_ENABLE_OBJC_ARC = YES;
				CLANG_ENABLE_OBJC_WEAK = YES;
				CLANG_WARN_BLOCK_CAPTURE_AUTORELEASING = YES;
				CLANG_WARN_BOOL_CONVERSION = YES;
				CLANG_WARN_COMMA = YES;
				CLANG_WARN_CONSTANT_CONVERSION = YES;
				CLANG_WARN_DEPRECATED_OBJC_IMPLEMENTATIONS = YES;
				CLANG_WARN_DIRECT_OBJC_ISA_USAGE = YES_ERROR;
				CLANG_WARN_DOCUMENTATION_COMMENTS = YES;
				CLANG_WARN_EMPTY_BODY = YES;
				CLANG_WARN_ENUM_CONVERSION = YES;
				CLANG_WARN_INFINITE_RECURSION = YES;
				CLANG_WARN_INT_CONVERSION = YES;
				CLANG_WARN_NON_LITERAL_NULL_CONVERSION = YES;
				CLANG_WARN_OBJC_IMPLICIT_RETAIN_SELF = YES;
				CLANG_WARN_OBJC_LITERAL_CONVERSION = YES;
				CLANG_WARN_OBJC_ROOT_CLASS = YES_ERROR;
				CLANG_WARN_RANGE_LOOP_ANALYSIS = YES;
				CLANG_WARN_STRICT_PROTOTYPES = YES;
				CLANG_WARN_SUSPICIOUS_MOVE = YES;
				CLANG_WARN_UNGUARDED_AVAILABILITY = YES_AGGRESSIVE;
				CLANG_WARN_UNREACHABLE_CODE = YES;
				CLANG_WARN__DUPLICATE_METHOD_MATCH = YES;
				CODE_SIGN_IDENTITY = "iPhone Developer";
				COPY_PHASE_STRIP = NO;
				DEBUG_INFORMATION_FORMAT = dwarf;
				ENABLE_STRICT_OBJC_MSGSEND = YES;
				ENABLE_TESTABILITY = YES;
				GCC_C_LANGUAGE_STANDARD = gnu11;
				GCC_DYNAMIC_NO_PIC = NO;
				GCC_NO_COMMON_BLOCKS = YES;
				GCC_OPTIMIZATION_LEVEL = 0;
				GCC_PREPROCESSOR_DEFINITIONS = (
					"DEBUG=1",
					"$(inherited)",
				);
				GCC_WARN_64_TO_32_BIT_CONVERSION = YES;
				GCC_WARN_ABOUT_RETURN_TYPE = YES_ERROR;
				GCC_WARN_UNDECLARED_SELECTOR = YES;
				GCC_WARN_UNINITIALIZED_AUTOS = YES_AGGRESSIVE;
				GCC_WARN_UNUSED_FUNCTION = YES;
				GCC_WARN_UNUSED_VARIABLE = YES;
				IPHONEOS_DEPLOYMENT_TARGET = 11.4;
				MTL_ENABLE_DEBUG_INFO = YES;
				ONLY_ACTIVE_ARCH = YES;
				SDKROOT = iphoneos;
				SWIFT_ACTIVE_COMPILATION_CONDITIONS = DEBUG;
				SWIFT_OPTIMIZATION_LEVEL = "-Onone";
			};
			name = Debug;
		};
		A42F835221927A4B0020C38E /* Release */ = {
			isa = XCBuildConfiguration;
			buildSettings = {
				ALWAYS_SEARCH_USER_PATHS = NO;
				CLANG_ANALYZER_NONNULL = YES;
				CLANG_ANALYZER_NUMBER_OBJECT_CONVERSION = YES_AGGRESSIVE;
				CLANG_CXX_LANGUAGE_STANDARD = "gnu++14";
				CLANG_CXX_LIBRARY = "libc++";
				CLANG_ENABLE_MODULES = YES;
				CLANG_ENABLE_OBJC_ARC = YES;
				CLANG_ENABLE_OBJC_WEAK = YES;
				CLANG_WARN_BLOCK_CAPTURE_AUTORELEASING = YES;
				CLANG_WARN_BOOL_CONVERSION = YES;
				CLANG_WARN_COMMA = YES;
				CLANG_WARN_CONSTANT_CONVERSION = YES;
				CLANG_WARN_DEPRECATED_OBJC_IMPLEMENTATIONS = YES;
				CLANG_WARN_DIRECT_OBJC_ISA_USAGE = YES_ERROR;
				CLANG_WARN_DOCUMENTATION_COMMENTS = YES;
				CLANG_WARN_EMPTY_BODY = YES;
				CLANG_WARN_ENUM_CONVERSION = YES;
				CLANG_WARN_INFINITE_RECURSION = YES;
				CLANG_WARN_INT_CONVERSION = YES;
				CLANG_WARN_NON_LITERAL_NULL_CONVERSION = YES;
				CLANG_WARN_OBJC_IMPLICIT_RETAIN_SELF = YES;
				CLANG_WARN_OBJC_LITERAL_CONVERSION = YES;
				CLANG_WARN_OBJC_ROOT_CLASS = YES_ERROR;
				CLANG_WARN_RANGE_LOOP_ANALYSIS = YES;
				CLANG_WARN_STRICT_PROTOTYPES = YES;
				CLANG_WARN_SUSPICIOUS_MOVE = YES;
				CLANG_WARN_UNGUARDED_AVAILABILITY = YES_AGGRESSIVE;
				CLANG_WARN_UNREACHABLE_CODE = YES;
				CLANG_WARN__DUPLICATE_METHOD_MATCH = YES;
				CODE_SIGN_IDENTITY = "iPhone Developer";
				COPY_PHASE_STRIP = NO;
				DEBUG_INFORMATION_FORMAT = "dwarf-with-dsym";
				ENABLE_NS_ASSERTIONS = NO;
				ENABLE_STRICT_OBJC_MSGSEND = YES;
				GCC_C_LANGUAGE_STANDARD = gnu11;
				GCC_NO_COMMON_BLOCKS = YES;
				GCC_WARN_64_TO_32_BIT_CONVERSION = YES;
				GCC_WARN_ABOUT_RETURN_TYPE = YES_ERROR;
				GCC_WARN_UNDECLARED_SELECTOR = YES;
				GCC_WARN_UNINITIALIZED_AUTOS = YES_AGGRESSIVE;
				GCC_WARN_UNUSED_FUNCTION = YES;
				GCC_WARN_UNUSED_VARIABLE = YES;
				IPHONEOS_DEPLOYMENT_TARGET = 11.4;
				MTL_ENABLE_DEBUG_INFO = NO;
				SDKROOT = iphoneos;
				SWIFT_COMPILATION_MODE = wholemodule;
				SWIFT_OPTIMIZATION_LEVEL = "-O";
				VALIDATE_PRODUCT = YES;
			};
			name = Release;
		};
		A42F835421927A4B0020C38E /* Debug */ = {
			isa = XCBuildConfiguration;
			buildSettings = {
				ASSETCATALOG_COMPILER_APPICON_NAME = AppIcon;
				CODE_SIGN_STYLE = Automatic;
				INFOPLIST_FILE = ViewController1107/Info.plist;
				LD_RUNPATH_SEARCH_PATHS = (
					"$(inherited)",
					"@executable_path/Frameworks",
				);
				PRODUCT_BUNDLE_IDENTIFIER = gmail.pilot.lyb.ViewController1107;
				PRODUCT_NAME = "$(TARGET_NAME)";
				SWIFT_VERSION = 4.0;
				TARGETED_DEVICE_FAMILY = "1,2";
			};
			name = Debug;
		};
		A42F835521927A4B0020C38E /* Release */ = {
			isa = XCBuildConfiguration;
			buildSettings = {
				ASSETCATALOG_COMPILER_APPICON_NAME = AppIcon;
				CODE_SIGN_STYLE = Automatic;
				INFOPLIST_FILE = ViewController1107/Info.plist;
				LD_RUNPATH_SEARCH_PATHS = (
					"$(inherited)",
					"@executable_path/Frameworks",
				);
				PRODUCT_BUNDLE_IDENTIFIER = gmail.pilot.lyb.ViewController1107;
				PRODUCT_NAME = "$(TARGET_NAME)";
				SWIFT_VERSION = 4.0;
				TARGETED_DEVICE_FAMILY = "1,2";
			};
			name = Release;
		};
		A42F836A21927A6B0020C38E /* Debug */ = {
			isa = XCBuildConfiguration;
			buildSettings = {
				ASSETCATALOG_COMPILER_APPICON_NAME = AppIcon;
				CODE_SIGN_STYLE = Automatic;
				INFOPLIST_FILE = Pinch/Info.plist;
				LD_RUNPATH_SEARCH_PATHS = (
					"$(inherited)",
					"@executable_path/Frameworks",
				);
				PRODUCT_BUNDLE_IDENTIFIER = gmail.pilot.lyb.Pinch;
				PRODUCT_NAME = "$(TARGET_NAME)";
				SWIFT_VERSION = 4.0;
				TARGETED_DEVICE_FAMILY = "1,2";
			};
			name = Debug;
		};
		A42F836B21927A6B0020C38E /* Release */ = {
			isa = XCBuildConfiguration;
			buildSettings = {
				ASSETCATALOG_COMPILER_APPICON_NAME = AppIcon;
				CODE_SIGN_STYLE = Automatic;
				INFOPLIST_FILE = Pinch/Info.plist;
				LD_RUNPATH_SEARCH_PATHS = (
					"$(inherited)",
					"@executable_path/Frameworks",
				);
				PRODUCT_BUNDLE_IDENTIFIER = gmail.pilot.lyb.Pinch;
				PRODUCT_NAME = "$(TARGET_NAME)";
				SWIFT_VERSION = 4.0;
				TARGETED_DEVICE_FAMILY = "1,2";
			};
			name = Release;
		};
		A42F83802192B3D30020C38E /* Debug */ = {
			isa = XCBuildConfiguration;
			buildSettings = {
				ASSETCATALOG_COMPILER_APPICON_NAME = AppIcon;
				CODE_SIGN_STYLE = Automatic;
				INFOPLIST_FILE = LoginDialog/Info.plist;
				LD_RUNPATH_SEARCH_PATHS = (
					"$(inherited)",
					"@executable_path/Frameworks",
				);
				PRODUCT_BUNDLE_IDENTIFIER = gmail.pilot.lyb.LoginDialog;
				PRODUCT_NAME = "$(TARGET_NAME)";
				SWIFT_VERSION = 4.0;
				TARGETED_DEVICE_FAMILY = "1,2";
			};
			name = Debug;
		};
		A42F83812192B3D30020C38E /* Release */ = {
			isa = XCBuildConfiguration;
			buildSettings = {
				ASSETCATALOG_COMPILER_APPICON_NAME = AppIcon;
				CODE_SIGN_STYLE = Automatic;
				INFOPLIST_FILE = LoginDialog/Info.plist;
				LD_RUNPATH_SEARCH_PATHS = (
					"$(inherited)",
					"@executable_path/Frameworks",
				);
				PRODUCT_BUNDLE_IDENTIFIER = gmail.pilot.lyb.LoginDialog;
				PRODUCT_NAME = "$(TARGET_NAME)";
				SWIFT_VERSION = 4.0;
				TARGETED_DEVICE_FAMILY = "1,2";
			};
			name = Release;
		};
/* End XCBuildConfiguration section */

/* Begin XCConfigurationList section */
		A42F833C21927A3E0020C38E /* Build configuration list for PBXProject "ViewController1107" */ = {
			isa = XCConfigurationList;
			buildConfigurations = (
				A42F835121927A4B0020C38E /* Debug */,
				A42F835221927A4B0020C38E /* Release */,
			);
			defaultConfigurationIsVisible = 0;
			defaultConfigurationName = Release;
		};
		A42F835321927A4B0020C38E /* Build configuration list for PBXNativeTarget "ViewController1107" */ = {
			isa = XCConfigurationList;
			buildConfigurations = (
				A42F835421927A4B0020C38E /* Debug */,
				A42F835521927A4B0020C38E /* Release */,
			);
			defaultConfigurationIsVisible = 0;
			defaultConfigurationName = Release;
		};
		A42F836921927A6B0020C38E /* Build configuration list for PBXNativeTarget "Pinch" */ = {
			isa = XCConfigurationList;
			buildConfigurations = (
				A42F836A21927A6B0020C38E /* Debug */,
				A42F836B21927A6B0020C38E /* Release */,
			);
			defaultConfigurationIsVisible = 0;
			defaultConfigurationName = Release;
		};
		A42F837F2192B3D30020C38E /* Build configuration list for PBXNativeTarget "LoginDialog" */ = {
			isa = XCConfigurationList;
			buildConfigurations = (
				A42F83802192B3D30020C38E /* Debug */,
				A42F83812192B3D30020C38E /* Release */,
			);
			defaultConfigurationIsVisible = 0;
			defaultConfigurationName = Release;
		};
/* End XCConfigurationList section */
	};
	rootObject = A42F833921927A3E0020C38E /* Project object */;
}
